// !$*UTF8*$!
{
	archiveVersion = 1;
	classes = {
	};
	objectVersion = 77;
	objects = {

/* Begin PBXBuildFile section */
		9AFDFDCC2C99045500CCB386 /* FirebaseAnalytics in Frameworks */ = {isa = PBXBuildFile; productRef = 9AFDFDCB2C99045500CCB386 /* FirebaseAnalytics */; };
		9AFDFDCE2C99045500CCB386 /* FirebaseAuth in Frameworks */ = {isa = PBXBuildFile; productRef = 9AFDFDCD2C99045500CCB386 /* FirebaseAuth */; };
		9AFDFDD02C99045500CCB386 /* FirebaseCrashlytics in Frameworks */ = {isa = PBXBuildFile; productRef = 9AFDFDCF2C99045500CCB386 /* FirebaseCrashlytics */; };
		9AFDFDD22C99045500CCB386 /* FirebaseDatabase in Frameworks */ = {isa = PBXBuildFile; productRef = 9AFDFDD12C99045500CCB386 /* FirebaseDatabase */; };
		9AFDFDD42C99045500CCB386 /* FirebaseFirestore in Frameworks */ = {isa = PBXBuildFile; productRef = 9AFDFDD32C99045500CCB386 /* FirebaseFirestore */; };
		9AFDFDD62C99045500CCB386 /* FirebaseStorage in Frameworks */ = {isa = PBXBuildFile; productRef = 9AFDFDD52C99045500CCB386 /* FirebaseStorage */; };
/* End PBXBuildFile section */

/* Begin PBXContainerItemProxy section */
		9AFDFDAE2C99033300CCB386 /* PBXContainerItemProxy */ = {
			isa = PBXContainerItemProxy;
			containerPortal = 9AFDFD952C99033100CCB386 /* Project object */;
			proxyType = 1;
			remoteGlobalIDString = 9AFDFD9C2C99033100CCB386;
			remoteInfo = Chikane;
		};
		9AFDFDB82C99033300CCB386 /* PBXContainerItemProxy */ = {
			isa = PBXContainerItemProxy;
			containerPortal = 9AFDFD952C99033100CCB386 /* Project object */;
			proxyType = 1;
			remoteGlobalIDString = 9AFDFD9C2C99033100CCB386;
			remoteInfo = Chikane;
		};
/* End PBXContainerItemProxy section */

/* Begin PBXFileReference section */
		9AFDFD9D2C99033100CCB386 /* Chikane.app */ = {isa = PBXFileReference; explicitFileType = wrapper.application; includeInIndex = 0; path = Chikane.app; sourceTree = BUILT_PRODUCTS_DIR; };
		9AFDFDAD2C99033300CCB386 /* ChikaneTests.xctest */ = {isa = PBXFileReference; explicitFileType = wrapper.cfbundle; includeInIndex = 0; path = ChikaneTests.xctest; sourceTree = BUILT_PRODUCTS_DIR; };
		9AFDFDB72C99033300CCB386 /* ChikaneUITests.xctest */ = {isa = PBXFileReference; explicitFileType = wrapper.cfbundle; includeInIndex = 0; path = ChikaneUITests.xctest; sourceTree = BUILT_PRODUCTS_DIR; };
/* End PBXFileReference section */

/* Begin PBXFileSystemSynchronizedBuildFileExceptionSet section */
		9A28CE6F2C9EF4AE00819C2E /* Exceptions for "Chikane" folder in "ChikaneTests" target */ = {
			isa = PBXFileSystemSynchronizedBuildFileExceptionSet;
			membershipExceptions = (
				"GoogleService-Info.plist",
			);
			target = 9AFDFDAC2C99033300CCB386 /* ChikaneTests */;
		};
		9A28CE702C9EF4AE00819C2E /* Exceptions for "Chikane" folder in "ChikaneUITests" target */ = {
			isa = PBXFileSystemSynchronizedBuildFileExceptionSet;
			membershipExceptions = (
				"GoogleService-Info.plist",
			);
			target = 9AFDFDB62C99033300CCB386 /* ChikaneUITests */;
		};
		9AFDFDF42C9924D900CCB386 /* Exceptions for "Chikane" folder in "Chikane" target */ = {
			isa = PBXFileSystemSynchronizedBuildFileExceptionSet;
			membershipExceptions = (
				Info.plist,
			);
			target = 9AFDFD9C2C99033100CCB386 /* Chikane */;
		};
/* End PBXFileSystemSynchronizedBuildFileExceptionSet section */

/* Begin PBXFileSystemSynchronizedRootGroup section */
		9AFDFD9F2C99033100CCB386 /* Chikane */ = {
			isa = PBXFileSystemSynchronizedRootGroup;
			exceptions = (
				9AFDFDF42C9924D900CCB386 /* Exceptions for "Chikane" folder in "Chikane" target */,
				9A28CE6F2C9EF4AE00819C2E /* Exceptions for "Chikane" folder in "ChikaneTests" target */,
				9A28CE702C9EF4AE00819C2E /* Exceptions for "Chikane" folder in "ChikaneUITests" target */,
			);
			path = Chikane;
			sourceTree = "<group>";
		};
		9AFDFDB02C99033300CCB386 /* ChikaneTests */ = {
			isa = PBXFileSystemSynchronizedRootGroup;
			path = ChikaneTests;
			sourceTree = "<group>";
		};
		9AFDFDBA2C99033300CCB386 /* ChikaneUITests */ = {
			isa = PBXFileSystemSynchronizedRootGroup;
			path = ChikaneUITests;
			sourceTree = "<group>";
		};
/* End PBXFileSystemSynchronizedRootGroup section */

/* Begin PBXFrameworksBuildPhase section */
		9AFDFD9A2C99033100CCB386 /* Frameworks */ = {
			isa = PBXFrameworksBuildPhase;
			buildActionMask = 2147483647;
			files = (
				9AFDFDD02C99045500CCB386 /* FirebaseCrashlytics in Frameworks */,
				9AFDFDCC2C99045500CCB386 /* FirebaseAnalytics in Frameworks */,
				9AFDFDD22C99045500CCB386 /* FirebaseDatabase in Frameworks */,
				9AFDFDD42C99045500CCB386 /* FirebaseFirestore in Frameworks */,
				9AFDFDCE2C99045500CCB386 /* FirebaseAuth in Frameworks */,
				9AFDFDD62C99045500CCB386 /* FirebaseStorage in Frameworks */,
			);
			runOnlyForDeploymentPostprocessing = 0;
		};
		9AFDFDAA2C99033300CCB386 /* Frameworks */ = {
			isa = PBXFrameworksBuildPhase;
			buildActionMask = 2147483647;
			files = (
			);
			runOnlyForDeploymentPostprocessing = 0;
		};
		9AFDFDB42C99033300CCB386 /* Frameworks */ = {
			isa = PBXFrameworksBuildPhase;
			buildActionMask = 2147483647;
			files = (
			);
			runOnlyForDeploymentPostprocessing = 0;
		};
/* End PBXFrameworksBuildPhase section */

/* Begin PBXGroup section */
		9AFDFD942C99033100CCB386 = {
			isa = PBXGroup;
			children = (
				9AFDFD9F2C99033100CCB386 /* Chikane */,
				9AFDFDB02C99033300CCB386 /* ChikaneTests */,
				9AFDFDBA2C99033300CCB386 /* ChikaneUITests */,
				9AFDFD9E2C99033100CCB386 /* Products */,
			);
			sourceTree = "<group>";
		};
		9AFDFD9E2C99033100CCB386 /* Products */ = {
			isa = PBXGroup;
			children = (
				9AFDFD9D2C99033100CCB386 /* Chikane.app */,
				9AFDFDAD2C99033300CCB386 /* ChikaneTests.xctest */,
				9AFDFDB72C99033300CCB386 /* ChikaneUITests.xctest */,
			);
			name = Products;
			sourceTree = "<group>";
		};
/* End PBXGroup section */

/* Begin PBXNativeTarget section */
		9AFDFD9C2C99033100CCB386 /* Chikane */ = {
			isa = PBXNativeTarget;
			buildConfigurationList = 9AFDFDC12C99033300CCB386 /* Build configuration list for PBXNativeTarget "Chikane" */;
			buildPhases = (
				9AFDFD992C99033100CCB386 /* Sources */,
				9AFDFD9A2C99033100CCB386 /* Frameworks */,
				9AFDFD9B2C99033100CCB386 /* Resources */,
			);
			buildRules = (
			);
			dependencies = (
			);
			fileSystemSynchronizedGroups = (
				9AFDFD9F2C99033100CCB386 /* Chikane */,
			);
			name = Chikane;
			packageProductDependencies = (
				9AFDFDCB2C99045500CCB386 /* FirebaseAnalytics */,
				9AFDFDCD2C99045500CCB386 /* FirebaseAuth */,
				9AFDFDCF2C99045500CCB386 /* FirebaseCrashlytics */,
				9AFDFDD12C99045500CCB386 /* FirebaseDatabase */,
				9AFDFDD32C99045500CCB386 /* FirebaseFirestore */,
				9AFDFDD52C99045500CCB386 /* FirebaseStorage */,
			);
			productName = Chikane;
			productReference = 9AFDFD9D2C99033100CCB386 /* Chikane.app */;
			productType = "com.apple.product-type.application";
		};
		9AFDFDAC2C99033300CCB386 /* ChikaneTests */ = {
			isa = PBXNativeTarget;
			buildConfigurationList = 9AFDFDC42C99033300CCB386 /* Build configuration list for PBXNativeTarget "ChikaneTests" */;
			buildPhases = (
				9AFDFDA92C99033300CCB386 /* Sources */,
				9AFDFDAA2C99033300CCB386 /* Frameworks */,
				9AFDFDAB2C99033300CCB386 /* Resources */,
			);
			buildRules = (
			);
			dependencies = (
				9AFDFDAF2C99033300CCB386 /* PBXTargetDependency */,
			);
			fileSystemSynchronizedGroups = (
				9AFDFDB02C99033300CCB386 /* ChikaneTests */,
			);
			name = ChikaneTests;
			packageProductDependencies = (
			);
			productName = ChikaneTests;
			productReference = 9AFDFDAD2C99033300CCB386 /* ChikaneTests.xctest */;
			productType = "com.apple.product-type.bundle.unit-test";
		};
		9AFDFDB62C99033300CCB386 /* ChikaneUITests */ = {
			isa = PBXNativeTarget;
			buildConfigurationList = 9AFDFDC72C99033300CCB386 /* Build configuration list for PBXNativeTarget "ChikaneUITests" */;
			buildPhases = (
				9AFDFDB32C99033300CCB386 /* Sources */,
				9AFDFDB42C99033300CCB386 /* Frameworks */,
				9AFDFDB52C99033300CCB386 /* Resources */,
			);
			buildRules = (
			);
			dependencies = (
				9AFDFDB92C99033300CCB386 /* PBXTargetDependency */,
			);
			fileSystemSynchronizedGroups = (
				9AFDFDBA2C99033300CCB386 /* ChikaneUITests */,
			);
			name = ChikaneUITests;
			packageProductDependencies = (
			);
			productName = ChikaneUITests;
			productReference = 9AFDFDB72C99033300CCB386 /* ChikaneUITests.xctest */;
			productType = "com.apple.product-type.bundle.ui-testing";
		};
/* End PBXNativeTarget section */

/* Begin PBXProject section */
		9AFDFD952C99033100CCB386 /* Project object */ = {
			isa = PBXProject;
			attributes = {
				BuildIndependentTargetsInParallel = 1;
				LastSwiftUpdateCheck = 1600;
				LastUpgradeCheck = 1600;
				TargetAttributes = {
					9AFDFD9C2C99033100CCB386 = {
						CreatedOnToolsVersion = 16.0;
					};
					9AFDFDAC2C99033300CCB386 = {
						CreatedOnToolsVersion = 16.0;
						TestTargetID = 9AFDFD9C2C99033100CCB386;
					};
					9AFDFDB62C99033300CCB386 = {
						CreatedOnToolsVersion = 16.0;
						TestTargetID = 9AFDFD9C2C99033100CCB386;
					};
				};
			};
			buildConfigurationList = 9AFDFD982C99033100CCB386 /* Build configuration list for PBXProject "Chikane" */;
			developmentRegion = en;
			hasScannedForEncodings = 0;
			knownRegions = (
				en,
				Base,
			);
			mainGroup = 9AFDFD942C99033100CCB386;
			minimizedProjectReferenceProxies = 1;
			packageReferences = (
				9AFDFDCA2C99045500CCB386 /* XCRemoteSwiftPackageReference "firebase-ios-sdk" */,
			);
			preferredProjectObjectVersion = 77;
			productRefGroup = 9AFDFD9E2C99033100CCB386 /* Products */;
			projectDirPath = "";
			projectRoot = "";
			targets = (
				9AFDFD9C2C99033100CCB386 /* Chikane */,
				9AFDFDAC2C99033300CCB386 /* ChikaneTests */,
				9AFDFDB62C99033300CCB386 /* ChikaneUITests */,
			);
		};
/* End PBXProject section */

/* Begin PBXResourcesBuildPhase section */
		9AFDFD9B2C99033100CCB386 /* Resources */ = {
			isa = PBXResourcesBuildPhase;
			buildActionMask = 2147483647;
			files = (
			);
			runOnlyForDeploymentPostprocessing = 0;
		};
		9AFDFDAB2C99033300CCB386 /* Resources */ = {
			isa = PBXResourcesBuildPhase;
			buildActionMask = 2147483647;
			files = (
			);
			runOnlyForDeploymentPostprocessing = 0;
		};
		9AFDFDB52C99033300CCB386 /* Resources */ = {
			isa = PBXResourcesBuildPhase;
			buildActionMask = 2147483647;
			files = (
			);
			runOnlyForDeploymentPostprocessing = 0;
		};
/* End PBXResourcesBuildPhase section */

/* Begin PBXSourcesBuildPhase section */
		9AFDFD992C99033100CCB386 /* Sources */ = {
			isa = PBXSourcesBuildPhase;
			buildActionMask = 2147483647;
			files = (
			);
			runOnlyForDeploymentPostprocessing = 0;
		};
		9AFDFDA92C99033300CCB386 /* Sources */ = {
			isa = PBXSourcesBuildPhase;
			buildActionMask = 2147483647;
			files = (
			);
			runOnlyForDeploymentPostprocessing = 0;
		};
		9AFDFDB32C99033300CCB386 /* Sources */ = {
			isa = PBXSourcesBuildPhase;
			buildActionMask = 2147483647;
			files = (
			);
			runOnlyForDeploymentPostprocessing = 0;
		};
/* End PBXSourcesBuildPhase section */

/* Begin PBXTargetDependency section */
		9AFDFDAF2C99033300CCB386 /* PBXTargetDependency */ = {
			isa = PBXTargetDependency;
			target = 9AFDFD9C2C99033100CCB386 /* Chikane */;
			targetProxy = 9AFDFDAE2C99033300CCB386 /* PBXContainerItemProxy */;
		};
		9AFDFDB92C99033300CCB386 /* PBXTargetDependency */ = {
			isa = PBXTargetDependency;
			target = 9AFDFD9C2C99033100CCB386 /* Chikane */;
			targetProxy = 9AFDFDB82C99033300CCB386 /* PBXContainerItemProxy */;
		};
/* End PBXTargetDependency section */

/* Begin XCBuildConfiguration section */
		9AFDFDBF2C99033300CCB386 /* Debug */ = {
			isa = XCBuildConfiguration;
			buildSettings = {
				ALWAYS_SEARCH_USER_PATHS = NO;
				ASSETCATALOG_COMPILER_GENERATE_SWIFT_ASSET_SYMBOL_EXTENSIONS = YES;
				CLANG_ANALYZER_NONNULL = YES;
				CLANG_ANALYZER_NUMBER_OBJECT_CONVERSION = YES_AGGRESSIVE;
				CLANG_CXX_LANGUAGE_STANDARD = "gnu++20";
				CLANG_ENABLE_MODULES = YES;
				CLANG_ENABLE_OBJC_ARC = YES;
				CLANG_ENABLE_OBJC_WEAK = YES;
				CLANG_WARN_BLOCK_CAPTURE_AUTORELEASING = YES;
				CLANG_WARN_BOOL_CONVERSION = YES;
				CLANG_WARN_COMMA = YES;
				CLANG_WARN_CONSTANT_CONVERSION = YES;
				CLANG_WARN_DEPRECATED_OBJC_IMPLEMENTATIONS = YES;
				CLANG_WARN_DIRECT_OBJC_ISA_USAGE = YES_ERROR;
				CLANG_WARN_DOCUMENTATION_COMMENTS = YES;
				CLANG_WARN_EMPTY_BODY = YES;
				CLANG_WARN_ENUM_CONVERSION = YES;
				CLANG_WARN_INFINITE_RECURSION = YES;
				CLANG_WARN_INT_CONVERSION = YES;
				CLANG_WARN_NON_LITERAL_NULL_CONVERSION = YES;
				CLANG_WARN_OBJC_IMPLICIT_RETAIN_SELF = YES;
				CLANG_WARN_OBJC_LITERAL_CONVERSION = YES;
				CLANG_WARN_OBJC_ROOT_CLASS = YES_ERROR;
				CLANG_WARN_QUOTED_INCLUDE_IN_FRAMEWORK_HEADER = YES;
				CLANG_WARN_RANGE_LOOP_ANALYSIS = YES;
				CLANG_WARN_STRICT_PROTOTYPES = YES;
				CLANG_WARN_SUSPICIOUS_MOVE = YES;
				CLANG_WARN_UNGUARDED_AVAILABILITY = YES_AGGRESSIVE;
				CLANG_WARN_UNREACHABLE_CODE = YES;
				CLANG_WARN__DUPLICATE_METHOD_MATCH = YES;
				COPY_PHASE_STRIP = NO;
				DEBUG_INFORMATION_FORMAT = dwarf;
				ENABLE_STRICT_OBJC_MSGSEND = YES;
				ENABLE_TESTABILITY = YES;
				ENABLE_USER_SCRIPT_SANDBOXING = YES;
				GCC_C_LANGUAGE_STANDARD = gnu17;
				GCC_DYNAMIC_NO_PIC = NO;
				GCC_NO_COMMON_BLOCKS = YES;
				GCC_OPTIMIZATION_LEVEL = 0;
				GCC_PREPROCESSOR_DEFINITIONS = (
					"DEBUG=1",
					"$(inherited)",
				);
				GCC_WARN_64_TO_32_BIT_CONVERSION = YES;
				GCC_WARN_ABOUT_RETURN_TYPE = YES_ERROR;
				GCC_WARN_UNDECLARED_SELECTOR = YES;
				GCC_WARN_UNINITIALIZED_AUTOS = YES_AGGRESSIVE;
				GCC_WARN_UNUSED_FUNCTION = YES;
				GCC_WARN_UNUSED_VARIABLE = YES;
				IPHONEOS_DEPLOYMENT_TARGET = 18.0;
				LOCALIZATION_PREFERS_STRING_CATALOGS = YES;
				MTL_ENABLE_DEBUG_INFO = INCLUDE_SOURCE;
				MTL_FAST_MATH = YES;
				ONLY_ACTIVE_ARCH = YES;
				SDKROOT = iphoneos;
				SWIFT_ACTIVE_COMPILATION_CONDITIONS = "DEBUG $(inherited)";
				SWIFT_OPTIMIZATION_LEVEL = "-Onone";
			};
			name = Debug;
		};
		9AFDFDC02C99033300CCB386 /* Release */ = {
			isa = XCBuildConfiguration;
			buildSettings = {
				ALWAYS_SEARCH_USER_PATHS = NO;
				ASSETCATALOG_COMPILER_GENERATE_SWIFT_ASSET_SYMBOL_EXTENSIONS = YES;
				CLANG_ANALYZER_NONNULL = YES;
				CLANG_ANALYZER_NUMBER_OBJECT_CONVERSION = YES_AGGRESSIVE;
				CLANG_CXX_LANGUAGE_STANDARD = "gnu++20";
				CLANG_ENABLE_MODULES = YES;
				CLANG_ENABLE_OBJC_ARC = YES;
				CLANG_ENABLE_OBJC_WEAK = YES;
				CLANG_WARN_BLOCK_CAPTURE_AUTORELEASING = YES;
				CLANG_WARN_BOOL_CONVERSION = YES;
				CLANG_WARN_COMMA = YES;
				CLANG_WARN_CONSTANT_CONVERSION = YES;
				CLANG_WARN_DEPRECATED_OBJC_IMPLEMENTATIONS = YES;
				CLANG_WARN_DIRECT_OBJC_ISA_USAGE = YES_ERROR;
				CLANG_WARN_DOCUMENTATION_COMMENTS = YES;
				CLANG_WARN_EMPTY_BODY = YES;
				CLANG_WARN_ENUM_CONVERSION = YES;
				CLANG_WARN_INFINITE_RECURSION = YES;
				CLANG_WARN_INT_CONVERSION = YES;
				CLANG_WARN_NON_LITERAL_NULL_CONVERSION = YES;
				CLANG_WARN_OBJC_IMPLICIT_RETAIN_SELF = YES;
				CLANG_WARN_OBJC_LITERAL_CONVERSION = YES;
				CLANG_WARN_OBJC_ROOT_CLASS = YES_ERROR;
				CLANG_WARN_QUOTED_INCLUDE_IN_FRAMEWORK_HEADER = YES;
				CLANG_WARN_RANGE_LOOP_ANALYSIS = YES;
				CLANG_WARN_STRICT_PROTOTYPES = YES;
				CLANG_WARN_SUSPICIOUS_MOVE = YES;
				CLANG_WARN_UNGUARDED_AVAILABILITY = YES_AGGRESSIVE;
				CLANG_WARN_UNREACHABLE_CODE = YES;
				CLANG_WARN__DUPLICATE_METHOD_MATCH = YES;
				COPY_PHASE_STRIP = NO;
				DEBUG_INFORMATION_FORMAT = "dwarf-with-dsym";
				ENABLE_NS_ASSERTIONS = NO;
				ENABLE_STRICT_OBJC_MSGSEND = YES;
				ENABLE_USER_SCRIPT_SANDBOXING = YES;
				GCC_C_LANGUAGE_STANDARD = gnu17;
				GCC_NO_COMMON_BLOCKS = YES;
				GCC_WARN_64_TO_32_BIT_CONVERSION = YES;
				GCC_WARN_ABOUT_RETURN_TYPE = YES_ERROR;
				GCC_WARN_UNDECLARED_SELECTOR = YES;
				GCC_WARN_UNINITIALIZED_AUTOS = YES_AGGRESSIVE;
				GCC_WARN_UNUSED_FUNCTION = YES;
				GCC_WARN_UNUSED_VARIABLE = YES;
				IPHONEOS_DEPLOYMENT_TARGET = 18.0;
				LOCALIZATION_PREFERS_STRING_CATALOGS = YES;
				MTL_ENABLE_DEBUG_INFO = NO;
				MTL_FAST_MATH = YES;
				SDKROOT = iphoneos;
				SWIFT_COMPILATION_MODE = wholemodule;
				VALIDATE_PRODUCT = YES;
			};
			name = Release;
		};
		9AFDFDC22C99033300CCB386 /* Debug */ = {
			isa = XCBuildConfiguration;
			buildSettings = {
				ASSETCATALOG_COMPILER_APPICON_NAME = AppIcon;
				ASSETCATALOG_COMPILER_GLOBAL_ACCENT_COLOR_NAME = AccentColor;
				CODE_SIGN_STYLE = Automatic;
				CURRENT_PROJECT_VERSION = 1;
				DEVELOPMENT_ASSET_PATHS = "\"Chikane/Preview Content\"";
				DEVELOPMENT_TEAM = NDHLV3J6XD;
				ENABLE_PREVIEWS = YES;
				GENERATE_INFOPLIST_FILE = YES;
				INFOPLIST_FILE = Chikane/Info.plist;
				INFOPLIST_KEY_LSApplicationCategoryType = "";
				INFOPLIST_KEY_NSCameraUsageDescription = "Your camera is needed to record your sessions";
				INFOPLIST_KEY_NSDocumentsFolderUsageDescription = "Save files to documents folder";
				INFOPLIST_KEY_NSLocationWhenInUseUsageDescription = "Location is needed to get accurate lap times";
				INFOPLIST_KEY_NSMicrophoneUsageDescription = "We need access to microphone so you have audio for your recording";
				INFOPLIST_KEY_NSPhotoLibraryAddUsageDescription = "Chikane needs access to your photo library to save recorded videos.";
				INFOPLIST_KEY_NSPhotoLibraryUsageDescription = "Save videos to your photo library";
				INFOPLIST_KEY_UIApplicationSceneManifest_Generation = YES;
				INFOPLIST_KEY_UIApplicationSupportsIndirectInputEvents = YES;
				INFOPLIST_KEY_UILaunchScreen_Generation = YES;
				INFOPLIST_KEY_UISupportedInterfaceOrientations_iPad = "UIInterfaceOrientationPortrait UIInterfaceOrientationPortraitUpsideDown UIInterfaceOrientationLandscapeLeft UIInterfaceOrientationLandscapeRight";
				INFOPLIST_KEY_UISupportedInterfaceOrientations_iPhone = "UIInterfaceOrientationPortrait UIInterfaceOrientationLandscapeLeft UIInterfaceOrientationLandscapeRight";
				IPHONEOS_DEPLOYMENT_TARGET = 16.6;
				LD_RUNPATH_SEARCH_PATHS = (
					"$(inherited)",
					"@executable_path/Frameworks",
				);
				MARKETING_VERSION = 0.2.0;
				PRODUCT_BUNDLE_IDENTIFIER = com.ChikaneApp.Chikane;
				PRODUCT_NAME = "$(TARGET_NAME)";
				SUPPORTED_PLATFORMS = "iphoneos iphonesimulator";
				SUPPORTS_MACCATALYST = NO;
				SUPPORTS_XR_DESIGNED_FOR_IPHONE_IPAD = NO;
				SWIFT_EMIT_LOC_STRINGS = YES;
				SWIFT_VERSION = 5.0;
				TARGETED_DEVICE_FAMILY = "1,2";
			};
			name = Debug;
		};
		9AFDFDC32C99033300CCB386 /* Release */ = {
			isa = XCBuildConfiguration;
			buildSettings = {
				ASSETCATALOG_COMPILER_APPICON_NAME = AppIcon;
				ASSETCATALOG_COMPILER_GLOBAL_ACCENT_COLOR_NAME = AccentColor;
				CODE_SIGN_STYLE = Automatic;
				CURRENT_PROJECT_VERSION = 1;
				DEVELOPMENT_ASSET_PATHS = "\"Chikane/Preview Content\"";
				DEVELOPMENT_TEAM = NDHLV3J6XD;
				ENABLE_PREVIEWS = YES;
				GENERATE_INFOPLIST_FILE = YES;
				INFOPLIST_FILE = Chikane/Info.plist;
				INFOPLIST_KEY_LSApplicationCategoryType = "";
				INFOPLIST_KEY_NSCameraUsageDescription = "Your camera is needed to record your sessions";
				INFOPLIST_KEY_NSDocumentsFolderUsageDescription = "Save files to documents folder";
				INFOPLIST_KEY_NSLocationWhenInUseUsageDescription = "Location is needed to get accurate lap times";
				INFOPLIST_KEY_NSMicrophoneUsageDescription = "We need access to microphone so you have audio for your recording";
				INFOPLIST_KEY_NSPhotoLibraryAddUsageDescription = "Chikane needs access to your photo library to save recorded videos.";
				INFOPLIST_KEY_NSPhotoLibraryUsageDescription = "Save videos to your photo library";
				INFOPLIST_KEY_UIApplicationSceneManifest_Generation = YES;
				INFOPLIST_KEY_UIApplicationSupportsIndirectInputEvents = YES;
				INFOPLIST_KEY_UILaunchScreen_Generation = YES;
				INFOPLIST_KEY_UISupportedInterfaceOrientations_iPad = "UIInterfaceOrientationPortrait UIInterfaceOrientationPortraitUpsideDown UIInterfaceOrientationLandscapeLeft UIInterfaceOrientationLandscapeRight";
				INFOPLIST_KEY_UISupportedInterfaceOrientations_iPhone = "UIInterfaceOrientationPortrait UIInterfaceOrientationLandscapeLeft UIInterfaceOrientationLandscapeRight";
				IPHONEOS_DEPLOYMENT_TARGET = 16.6;
				LD_RUNPATH_SEARCH_PATHS = (
					"$(inherited)",
					"@executable_path/Frameworks",
				);
				MARKETING_VERSION = 0.2.0;
				PRODUCT_BUNDLE_IDENTIFIER = com.ChikaneApp.Chikane;
				PRODUCT_NAME = "$(TARGET_NAME)";
				SUPPORTED_PLATFORMS = "iphoneos iphonesimulator";
				SUPPORTS_MACCATALYST = NO;
				SUPPORTS_XR_DESIGNED_FOR_IPHONE_IPAD = NO;
				SWIFT_EMIT_LOC_STRINGS = YES;
				SWIFT_VERSION = 5.0;
				TARGETED_DEVICE_FAMILY = "1,2";
			};
			name = Release;
		};
		9AFDFDC52C99033300CCB386 /* Debug */ = {
			isa = XCBuildConfiguration;
			buildSettings = {
				BUNDLE_LOADER = "$(TEST_HOST)";
				CODE_SIGN_STYLE = Automatic;
				CURRENT_PROJECT_VERSION = 1;
				DEVELOPMENT_TEAM = NDHLV3J6XD;
				GENERATE_INFOPLIST_FILE = YES;
				IPHONEOS_DEPLOYMENT_TARGET = 18.0;
				MARKETING_VERSION = 1.0;
				PRODUCT_BUNDLE_IDENTIFIER = com.ChikaneApp.ChikaneTests;
				PRODUCT_NAME = "$(TARGET_NAME)";
				SWIFT_EMIT_LOC_STRINGS = NO;
				SWIFT_VERSION = 5.0;
				TARGETED_DEVICE_FAMILY = "1,2";
				TEST_HOST = "$(BUILT_PRODUCTS_DIR)/Chikane.app/$(BUNDLE_EXECUTABLE_FOLDER_PATH)/Chikane";
			};
			name = Debug;
		};
		9AFDFDC62C99033300CCB386 /* Release */ = {
			isa = XCBuildConfiguration;
			buildSettings = {
				BUNDLE_LOADER = "$(TEST_HOST)";
				CODE_SIGN_STYLE = Automatic;
				CURRENT_PROJECT_VERSION = 1;
				DEVELOPMENT_TEAM = NDHLV3J6XD;
				GENERATE_INFOPLIST_FILE = YES;
				IPHONEOS_DEPLOYMENT_TARGET = 18.0;
				MARKETING_VERSION = 1.0;
				PRODUCT_BUNDLE_IDENTIFIER = com.ChikaneApp.ChikaneTests;
				PRODUCT_NAME = "$(TARGET_NAME)";
				SWIFT_EMIT_LOC_STRINGS = NO;
				SWIFT_VERSION = 5.0;
				TARGETED_DEVICE_FAMILY = "1,2";
				TEST_HOST = "$(BUILT_PRODUCTS_DIR)/Chikane.app/$(BUNDLE_EXECUTABLE_FOLDER_PATH)/Chikane";
			};
			name = Release;
		};
		9AFDFDC82C99033300CCB386 /* Debug */ = {
			isa = XCBuildConfiguration;
			buildSettings = {
				CODE_SIGN_STYLE = Automatic;
				CURRENT_PROJECT_VERSION = 1;
				DEVELOPMENT_TEAM = NDHLV3J6XD;
				GENERATE_INFOPLIST_FILE = YES;
				MARKETING_VERSION = 1.0;
				PRODUCT_BUNDLE_IDENTIFIER = com.ChikaneApp.ChikaneUITests;
				PRODUCT_NAME = "$(TARGET_NAME)";
				SWIFT_EMIT_LOC_STRINGS = NO;
				SWIFT_VERSION = 5.0;
				TARGETED_DEVICE_FAMILY = "1,2";
				TEST_TARGET_NAME = Chikane;
			};
			name = Debug;
		};
		9AFDFDC92C99033300CCB386 /* Release */ = {
			isa = XCBuildConfiguration;
			buildSettings = {
				CODE_SIGN_STYLE = Automatic;
				CURRENT_PROJECT_VERSION = 1;
				DEVELOPMENT_TEAM = NDHLV3J6XD;
				GENERATE_INFOPLIST_FILE = YES;
				MARKETING_VERSION = 1.0;
				PRODUCT_BUNDLE_IDENTIFIER = com.ChikaneApp.ChikaneUITests;
				PRODUCT_NAME = "$(TARGET_NAME)";
				SWIFT_EMIT_LOC_STRINGS = NO;
				SWIFT_VERSION = 5.0;
				TARGETED_DEVICE_FAMILY = "1,2";
				TEST_TARGET_NAME = Chikane;
			};
			name = Release;
		};
/* End XCBuildConfiguration section */

/* Begin XCConfigurationList section */
		9AFDFD982C99033100CCB386 /* Build configuration list for PBXProject "Chikane" */ = {
			isa = XCConfigurationList;
			buildConfigurations = (
				9AFDFDBF2C99033300CCB386 /* Debug */,
				9AFDFDC02C99033300CCB386 /* Release */,
			);
			defaultConfigurationIsVisible = 0;
			defaultConfigurationName = Release;
		};
		9AFDFDC12C99033300CCB386 /* Build configuration list for PBXNativeTarget "Chikane" */ = {
			isa = XCConfigurationList;
			buildConfigurations = (
				9AFDFDC22C99033300CCB386 /* Debug */,
				9AFDFDC32C99033300CCB386 /* Release */,
			);
			defaultConfigurationIsVisible = 0;
			defaultConfigurationName = Release;
		};
		9AFDFDC42C99033300CCB386 /* Build configuration list for PBXNativeTarget "ChikaneTests" */ = {
			isa = XCConfigurationList;
			buildConfigurations = (
				9AFDFDC52C99033300CCB386 /* Debug */,
				9AFDFDC62C99033300CCB386 /* Release */,
			);
			defaultConfigurationIsVisible = 0;
			defaultConfigurationName = Release;
		};
		9AFDFDC72C99033300CCB386 /* Build configuration list for PBXNativeTarget "ChikaneUITests" */ = {
			isa = XCConfigurationList;
			buildConfigurations = (
				9AFDFDC82C99033300CCB386 /* Debug */,
				9AFDFDC92C99033300CCB386 /* Release */,
			);
			defaultConfigurationIsVisible = 0;
			defaultConfigurationName = Release;
		};
/* End XCConfigurationList section */

/* Begin XCRemoteSwiftPackageReference section */
		9AFDFDCA2C99045500CCB386 /* XCRemoteSwiftPackageReference "firebase-ios-sdk" */ = {
			isa = XCRemoteSwiftPackageReference;
			repositoryURL = "https://github.com/firebase/firebase-ios-sdk";
			requirement = {
				kind = exactVersion;
				version = 11.2.0;
			};
		};
/* End XCRemoteSwiftPackageReference section */

/* Begin XCSwiftPackageProductDependency section */
		9AFDFDCB2C99045500CCB386 /* FirebaseAnalytics */ = {
			isa = XCSwiftPackageProductDependency;
			package = 9AFDFDCA2C99045500CCB386 /* XCRemoteSwiftPackageReference "firebase-ios-sdk" */;
			productName = FirebaseAnalytics;
		};
		9AFDFDCD2C99045500CCB386 /* FirebaseAuth */ = {
			isa = XCSwiftPackageProductDependency;
			package = 9AFDFDCA2C99045500CCB386 /* XCRemoteSwiftPackageReference "firebase-ios-sdk" */;
			productName = FirebaseAuth;
		};
		9AFDFDCF2C99045500CCB386 /* FirebaseCrashlytics */ = {
			isa = XCSwiftPackageProductDependency;
			package = 9AFDFDCA2C99045500CCB386 /* XCRemoteSwiftPackageReference "firebase-ios-sdk" */;
			productName = FirebaseCrashlytics;
		};
		9AFDFDD12C99045500CCB386 /* FirebaseDatabase */ = {
			isa = XCSwiftPackageProductDependency;
			package = 9AFDFDCA2C99045500CCB386 /* XCRemoteSwiftPackageReference "firebase-ios-sdk" */;
			productName = FirebaseDatabase;
		};
		9AFDFDD32C99045500CCB386 /* FirebaseFirestore */ = {
			isa = XCSwiftPackageProductDependency;
			package = 9AFDFDCA2C99045500CCB386 /* XCRemoteSwiftPackageReference "firebase-ios-sdk" */;
			productName = FirebaseFirestore;
		};
		9AFDFDD52C99045500CCB386 /* FirebaseStorage */ = {
			isa = XCSwiftPackageProductDependency;
			package = 9AFDFDCA2C99045500CCB386 /* XCRemoteSwiftPackageReference "firebase-ios-sdk" */;
			productName = FirebaseStorage;
		};
/* End XCSwiftPackageProductDependency section */
	};
	rootObject = 9AFDFD952C99033100CCB386 /* Project object */;
}
